
Microsoft Visual Studio Solution File, Format Version 12.00
# Visual Studio Version 17
VisualStudioVersion = 17.0.32112.339
MinimumVisualStudioVersion = 10.0.40219.1
Project("{FAE04EC0-301F-11D3-BF4B-00C04F79EFBC}") = "ClassLibraries", "ClassLibraries\ClassLibraries.csproj", "{0DC18FD0-511E-41ED-96B8-121F8CBE3651}"
EndProject
Project("{FAE04EC0-301F-11D3-BF4B-00C04F79EFBC}") = "DemoLibrary", "DemoLibrary\DemoLibrary.csproj", "{7C19FB87-AB3B-40E1-9C65-28A8861DA12A}"
EndProject
Global
	GlobalSection(SolutionConfigurationPlatforms) = preSolution
		Debug|Any CPU = Debug|Any CPU
		Release|Any CPU = Release|Any CPU
	EndGlobalSection
	GlobalSection(ProjectConfigurationPlatforms) = postSolution
		{0DC18FD0-511E-41ED-96B8-121F8CBE3651}.Debug|Any CPU.ActiveCfg = Debug|Any CPU
		{0DC18FD0-511E-41ED-96B8-121F8CBE3651}.Debug|Any CPU.Build.0 = Debug|Any CPU
		{0DC18FD0-511E-41ED-96B8-121F8CBE3651}.Release|Any CPU.ActiveCfg = Release|Any CPU
		{0DC18FD0-511E-41ED-96B8-121F8CBE3651}.Release|Any CPU.Build.0 = Release|Any CPU
		{7C19FB87-AB3B-40E1-9C65-28A8861DA12A}.Debug|Any CPU.ActiveCfg = Debug|Any CPU
		{7C19FB87-AB3B-40E1-9C65-28A8861DA12A}.Debug|Any CPU.Build.0 = Debug|Any CPU
		{7C19FB87-AB3B-40E1-9C65-28A8861DA12A}.Release|Any CPU.ActiveCfg = Release|Any CPU
		{7C19FB87-AB3B-40E1-9C65-28A8861DA12A}.Release|Any CPU.Build.0 = Release|Any CPU
	EndGlobalSection
	GlobalSection(SolutionProperties) = preSolution
		HideSolutionNode = FALSE
	EndGlobalSection
	GlobalSection(ExtensibilityGlobals) = postSolution
		SolutionGuid = {C1633EEB-F732-4B8C-B3BE-8C7953009B8C}
	EndGlobalSection
EndGlobal
