
Microsoft Visual Studio Solution File, Format Version 12.00
# Visual Studio Version 17
VisualStudioVersion = 17.0.31903.59
MinimumVisualStudioVersion = 10.0.40219.1
Project("{FAE04EC0-301F-11D3-BF4B-00C04F79EFBC}") = "WorldTravel.API", "WorldTravel.API\WorldTravel.API.csproj", "{C9873FE6-491D-4F95-8893-694BB2AA704E}"
EndProject
Project("{FAE04EC0-301F-11D3-BF4B-00C04F79EFBC}") = "WorldTravel.Domain", "WorldTravel.Domain\WorldTravel.Domain.csproj", "{5F6FC577-9686-4DB6-A71D-497AD3E60502}"
EndProject
Project("{FAE04EC0-301F-11D3-BF4B-00C04F79EFBC}") = "WorldTravel.Application", "WorldTravel.Application\WorldTravel.Application.csproj", "{B2736471-F6C8-4A09-AFF5-1C2479B2C1E4}"
EndProject
Project("{FAE04EC0-301F-11D3-BF4B-00C04F79EFBC}") = "WorldTravel.Infastructure", "WorldTravel.Infastructure\WorldTravel.Infastructure.csproj", "{AF84AC23-A523-4939-8E7A-410D6504E7CA}"
EndProject
Project("{FAE04EC0-301F-11D3-BF4B-00C04F79EFBC}") = "WorldTravel.Application.Tests", "WorldTravel.Application.Tests\WorldTravel.Application.Tests.csproj", "{F3BB801E-B446-4498-A6A2-1D50604FA1F1}"
EndProject
Global
	GlobalSection(SolutionConfigurationPlatforms) = preSolution
		Debug|Any CPU = Debug|Any CPU
		Debug|x64 = Debug|x64
		Debug|x86 = Debug|x86
		Release|Any CPU = Release|Any CPU
		Release|x64 = Release|x64
		Release|x86 = Release|x86
	EndGlobalSection
	GlobalSection(ProjectConfigurationPlatforms) = postSolution
		{C9873FE6-491D-4F95-8893-694BB2AA704E}.Debug|Any CPU.ActiveCfg = Debug|Any CPU
		{C9873FE6-491D-4F95-8893-694BB2AA704E}.Debug|Any CPU.Build.0 = Debug|Any CPU
		{C9873FE6-491D-4F95-8893-694BB2AA704E}.Debug|x64.ActiveCfg = Debug|Any CPU
		{C9873FE6-491D-4F95-8893-694BB2AA704E}.Debug|x64.Build.0 = Debug|Any CPU
		{C9873FE6-491D-4F95-8893-694BB2AA704E}.Debug|x86.ActiveCfg = Debug|Any CPU
		{C9873FE6-491D-4F95-8893-694BB2AA704E}.Debug|x86.Build.0 = Debug|Any CPU
		{C9873FE6-491D-4F95-8893-694BB2AA704E}.Release|Any CPU.ActiveCfg = Release|Any CPU
		{C9873FE6-491D-4F95-8893-694BB2AA704E}.Release|Any CPU.Build.0 = Release|Any CPU
		{C9873FE6-491D-4F95-8893-694BB2AA704E}.Release|x64.ActiveCfg = Release|Any CPU
		{C9873FE6-491D-4F95-8893-694BB2AA704E}.Release|x64.Build.0 = Release|Any CPU
		{C9873FE6-491D-4F95-8893-694BB2AA704E}.Release|x86.ActiveCfg = Release|Any CPU
		{C9873FE6-491D-4F95-8893-694BB2AA704E}.Release|x86.Build.0 = Release|Any CPU
		{5F6FC577-9686-4DB6-A71D-497AD3E60502}.Debug|Any CPU.ActiveCfg = Debug|Any CPU
		{5F6FC577-9686-4DB6-A71D-497AD3E60502}.Debug|Any CPU.Build.0 = Debug|Any CPU
		{5F6FC577-9686-4DB6-A71D-497AD3E60502}.Debug|x64.ActiveCfg = Debug|Any CPU
		{5F6FC577-9686-4DB6-A71D-497AD3E60502}.Debug|x64.Build.0 = Debug|Any CPU
		{5F6FC577-9686-4DB6-A71D-497AD3E60502}.Debug|x86.ActiveCfg = Debug|Any CPU
		{5F6FC577-9686-4DB6-A71D-497AD3E60502}.Debug|x86.Build.0 = Debug|Any CPU
		{5F6FC577-9686-4DB6-A71D-497AD3E60502}.Release|Any CPU.ActiveCfg = Release|Any CPU
		{5F6FC577-9686-4DB6-A71D-497AD3E60502}.Release|Any CPU.Build.0 = Release|Any CPU
		{5F6FC577-9686-4DB6-A71D-497AD3E60502}.Release|x64.ActiveCfg = Release|Any CPU
		{5F6FC577-9686-4DB6-A71D-497AD3E60502}.Release|x64.Build.0 = Release|Any CPU
		{5F6FC577-9686-4DB6-A71D-497AD3E60502}.Release|x86.ActiveCfg = Release|Any CPU
		{5F6FC577-9686-4DB6-A71D-497AD3E60502}.Release|x86.Build.0 = Release|Any CPU
		{B2736471-F6C8-4A09-AFF5-1C2479B2C1E4}.Debug|Any CPU.ActiveCfg = Debug|Any CPU
		{B2736471-F6C8-4A09-AFF5-1C2479B2C1E4}.Debug|Any CPU.Build.0 = Debug|Any CPU
		{B2736471-F6C8-4A09-AFF5-1C2479B2C1E4}.Debug|x64.ActiveCfg = Debug|Any CPU
		{B2736471-F6C8-4A09-AFF5-1C2479B2C1E4}.Debug|x64.Build.0 = Debug|Any CPU
		{B2736471-F6C8-4A09-AFF5-1C2479B2C1E4}.Debug|x86.ActiveCfg = Debug|Any CPU
		{B2736471-F6C8-4A09-AFF5-1C2479B2C1E4}.Debug|x86.Build.0 = Debug|Any CPU
		{B2736471-F6C8-4A09-AFF5-1C2479B2C1E4}.Release|Any CPU.ActiveCfg = Release|Any CPU
		{B2736471-F6C8-4A09-AFF5-1C2479B2C1E4}.Release|Any CPU.Build.0 = Release|Any CPU
		{B2736471-F6C8-4A09-AFF5-1C2479B2C1E4}.Release|x64.ActiveCfg = Release|Any CPU
		{B2736471-F6C8-4A09-AFF5-1C2479B2C1E4}.Release|x64.Build.0 = Release|Any CPU
		{B2736471-F6C8-4A09-AFF5-1C2479B2C1E4}.Release|x86.ActiveCfg = Release|Any CPU
		{B2736471-F6C8-4A09-AFF5-1C2479B2C1E4}.Release|x86.Build.0 = Release|Any CPU
		{AF84AC23-A523-4939-8E7A-410D6504E7CA}.Debug|Any CPU.ActiveCfg = Debug|Any CPU
		{AF84AC23-A523-4939-8E7A-410D6504E7CA}.Debug|Any CPU.Build.0 = Debug|Any CPU
		{AF84AC23-A523-4939-8E7A-410D6504E7CA}.Debug|x64.ActiveCfg = Debug|Any CPU
		{AF84AC23-A523-4939-8E7A-410D6504E7CA}.Debug|x64.Build.0 = Debug|Any CPU
		{AF84AC23-A523-4939-8E7A-410D6504E7CA}.Debug|x86.ActiveCfg = Debug|Any CPU
		{AF84AC23-A523-4939-8E7A-410D6504E7CA}.Debug|x86.Build.0 = Debug|Any CPU
		{AF84AC23-A523-4939-8E7A-410D6504E7CA}.Release|Any CPU.ActiveCfg = Release|Any CPU
		{AF84AC23-A523-4939-8E7A-410D6504E7CA}.Release|Any CPU.Build.0 = Release|Any CPU
		{AF84AC23-A523-4939-8E7A-410D6504E7CA}.Release|x64.ActiveCfg = Release|Any CPU
		{AF84AC23-A523-4939-8E7A-410D6504E7CA}.Release|x64.Build.0 = Release|Any CPU
		{AF84AC23-A523-4939-8E7A-410D6504E7CA}.Release|x86.ActiveCfg = Release|Any CPU
		{AF84AC23-A523-4939-8E7A-410D6504E7CA}.Release|x86.Build.0 = Release|Any CPU
		{F3BB801E-B446-4498-A6A2-1D50604FA1F1}.Debug|Any CPU.ActiveCfg = Debug|Any CPU
		{F3BB801E-B446-4498-A6A2-1D50604FA1F1}.Debug|Any CPU.Build.0 = Debug|Any CPU
		{F3BB801E-B446-4498-A6A2-1D50604FA1F1}.Debug|x64.ActiveCfg = Debug|Any CPU
		{F3BB801E-B446-4498-A6A2-1D50604FA1F1}.Debug|x64.Build.0 = Debug|Any CPU
		{F3BB801E-B446-4498-A6A2-1D50604FA1F1}.Debug|x86.ActiveCfg = Debug|Any CPU
		{F3BB801E-B446-4498-A6A2-1D50604FA1F1}.Debug|x86.Build.0 = Debug|Any CPU
		{F3BB801E-B446-4498-A6A2-1D50604FA1F1}.Release|Any CPU.ActiveCfg = Release|Any CPU
		{F3BB801E-B446-4498-A6A2-1D50604FA1F1}.Release|Any CPU.Build.0 = Release|Any CPU
		{F3BB801E-B446-4498-A6A2-1D50604FA1F1}.Release|x64.ActiveCfg = Release|Any CPU
		{F3BB801E-B446-4498-A6A2-1D50604FA1F1}.Release|x64.Build.0 = Release|Any CPU
		{F3BB801E-B446-4498-A6A2-1D50604FA1F1}.Release|x86.ActiveCfg = Release|Any CPU
		{F3BB801E-B446-4498-A6A2-1D50604FA1F1}.Release|x86.Build.0 = Release|Any CPU
	EndGlobalSection
	GlobalSection(SolutionProperties) = preSolution
		HideSolutionNode = FALSE
	EndGlobalSection
	GlobalSection(ExtensibilityGlobals) = postSolution
		SolutionGuid = {C93EC230-0E2A-4EF9-A907-BAEA0D21031F}
	EndGlobalSection
EndGlobal
