
Microsoft Visual Studio Solution File, Format Version 12.00
# Visual Studio Version 17
VisualStudioVersion = 17.0.32112.339
MinimumVisualStudioVersion = 10.0.40219.1
Project("{9A19103F-16F7-4668-BE54-9A1E7A4F7556}") = "TodoLibrary", "TodoLibrary\TodoLibrary.csproj", "{4B739713-2061-4D85-814C-9A39170E428E}"
EndProject
Project("{9A19103F-16F7-4668-BE54-9A1E7A4F7556}") = "TodoAPI", "TodoAPI\TodoAPI.csproj", "{774A8DA3-243D-45BB-B955-C399464E69D9}"
EndProject
Project("{2150E333-8FDC-42A3-9474-1A3956D46DE8}") = "Resources", "Resources", "{1A025208-96BA-462B-B810-E2037D08EDB3}"
EndProject
Project("{2150E333-8FDC-42A3-9474-1A3956D46DE8}") = "SQL", "SQL", "{CA948CE3-E7D1-40E9-8E29-96D1A56E3280}"
	ProjectSection(SolutionItems) = preProject
		DatabaseScripts.sql = DatabaseScripts.sql
	EndProjectSection
EndProject
Project("{9A19103F-16F7-4668-BE54-9A1E7A4F7556}") = "BlazorClientApp", "BlazorClientApp\BlazorClientApp.csproj", "{15F67DB2-22F0-49B8-86C0-BBAB53E4CD04}"
EndProject
Project("{9A19103F-16F7-4668-BE54-9A1E7A4F7556}") = "BlazorOpenApiClient", "BlazorOpenApiClient\BlazorOpenApiClient.csproj", "{F7598429-15D0-4D2F-91A6-1DFDDEBAB435}"
EndProject
Project("{9A19103F-16F7-4668-BE54-9A1E7A4F7556}") = "MinimalApi", "MinimalApi\MinimalApi.csproj", "{303211BA-C3D3-4000-AED2-1A000AF8CF9F}"
EndProject
Global
	GlobalSection(SolutionConfigurationPlatforms) = preSolution
		Debug|Any CPU = Debug|Any CPU
		Release|Any CPU = Release|Any CPU
	EndGlobalSection
	GlobalSection(ProjectConfigurationPlatforms) = postSolution
		{4B739713-2061-4D85-814C-9A39170E428E}.Debug|Any CPU.ActiveCfg = Debug|Any CPU
		{4B739713-2061-4D85-814C-9A39170E428E}.Debug|Any CPU.Build.0 = Debug|Any CPU
		{4B739713-2061-4D85-814C-9A39170E428E}.Release|Any CPU.ActiveCfg = Release|Any CPU
		{4B739713-2061-4D85-814C-9A39170E428E}.Release|Any CPU.Build.0 = Release|Any CPU
		{774A8DA3-243D-45BB-B955-C399464E69D9}.Debug|Any CPU.ActiveCfg = Debug|Any CPU
		{774A8DA3-243D-45BB-B955-C399464E69D9}.Debug|Any CPU.Build.0 = Debug|Any CPU
		{774A8DA3-243D-45BB-B955-C399464E69D9}.Release|Any CPU.ActiveCfg = Release|Any CPU
		{774A8DA3-243D-45BB-B955-C399464E69D9}.Release|Any CPU.Build.0 = Release|Any CPU
		{15F67DB2-22F0-49B8-86C0-BBAB53E4CD04}.Debug|Any CPU.ActiveCfg = Debug|Any CPU
		{15F67DB2-22F0-49B8-86C0-BBAB53E4CD04}.Debug|Any CPU.Build.0 = Debug|Any CPU
		{15F67DB2-22F0-49B8-86C0-BBAB53E4CD04}.Release|Any CPU.ActiveCfg = Release|Any CPU
		{15F67DB2-22F0-49B8-86C0-BBAB53E4CD04}.Release|Any CPU.Build.0 = Release|Any CPU
		{F7598429-15D0-4D2F-91A6-1DFDDEBAB435}.Debug|Any CPU.ActiveCfg = Debug|Any CPU
		{F7598429-15D0-4D2F-91A6-1DFDDEBAB435}.Debug|Any CPU.Build.0 = Debug|Any CPU
		{F7598429-15D0-4D2F-91A6-1DFDDEBAB435}.Release|Any CPU.ActiveCfg = Release|Any CPU
		{F7598429-15D0-4D2F-91A6-1DFDDEBAB435}.Release|Any CPU.Build.0 = Release|Any CPU
		{303211BA-C3D3-4000-AED2-1A000AF8CF9F}.Debug|Any CPU.ActiveCfg = Debug|Any CPU
		{303211BA-C3D3-4000-AED2-1A000AF8CF9F}.Debug|Any CPU.Build.0 = Debug|Any CPU
		{303211BA-C3D3-4000-AED2-1A000AF8CF9F}.Release|Any CPU.ActiveCfg = Release|Any CPU
		{303211BA-C3D3-4000-AED2-1A000AF8CF9F}.Release|Any CPU.Build.0 = Release|Any CPU
	EndGlobalSection
	GlobalSection(SolutionProperties) = preSolution
		HideSolutionNode = FALSE
	EndGlobalSection
	GlobalSection(NestedProjects) = preSolution
		{CA948CE3-E7D1-40E9-8E29-96D1A56E3280} = {1A025208-96BA-462B-B810-E2037D08EDB3}
	EndGlobalSection
	GlobalSection(ExtensibilityGlobals) = postSolution
		SolutionGuid = {D44B0C68-EB30-4DB2-A0F4-E06CEC3ADB4F}
	EndGlobalSection
EndGlobal
