
Microsoft Visual Studio Solution File, Format Version 12.00
# Visual Studio Version 17
VisualStudioVersion = 17.0.32112.339
MinimumVisualStudioVersion = 10.0.40219.1
Project("{FAE04EC0-301F-11D3-BF4B-00C04F79EFBC}") = "PropertyTypes", "PropertyTypes\PropertyTypes.csproj", "{984D93B7-3842-42BC-8112-91524CA5737F}"
EndProject
Global
	GlobalSection(SolutionConfigurationPlatforms) = preSolution
		Debug|Any CPU = Debug|Any CPU
		Release|Any CPU = Release|Any CPU
	EndGlobalSection
	GlobalSection(ProjectConfigurationPlatforms) = postSolution
		{984D93B7-3842-42BC-8112-91524CA5737F}.Debug|Any CPU.ActiveCfg = Debug|Any CPU
		{984D93B7-3842-42BC-8112-91524CA5737F}.Debug|Any CPU.Build.0 = Debug|Any CPU
		{984D93B7-3842-42BC-8112-91524CA5737F}.Release|Any CPU.ActiveCfg = Release|Any CPU
		{984D93B7-3842-42BC-8112-91524CA5737F}.Release|Any CPU.Build.0 = Release|Any CPU
	EndGlobalSection
	GlobalSection(SolutionProperties) = preSolution
		HideSolutionNode = FALSE
	EndGlobalSection
	GlobalSection(ExtensibilityGlobals) = postSolution
		SolutionGuid = {52BEF157-FD97-43C8-A217-80C6DF3E9BAA}
	EndGlobalSection
EndGlobal
